
Microsoft Visual Studio Solution File, Format Version 12.00
# Visual Studio Version 17
VisualStudioVersion = 17.10.35122.118
MinimumVisualStudioVersion = 10.0.40219.1
Project("{FAE04EC0-301F-11D3-BF4B-00C04F79EFBC}") = "l2e1-Factorial", "l2e1-Factorial.csproj", "{53D7C58A-7A60-4804-AA68-4B844B80FD32}"
EndProject
Global
	GlobalSection(SolutionConfigurationPlatforms) = preSolution
		Debug|Any CPU = Debug|Any CPU
		Release|Any CPU = Release|Any CPU
	EndGlobalSection
	GlobalSection(ProjectConfigurationPlatforms) = postSolution
		{53D7C58A-7A60-4804-AA68-4B844B80FD32}.Debug|Any CPU.ActiveCfg = Debug|Any CPU
		{53D7C58A-7A60-4804-AA68-4B844B80FD32}.Debug|Any CPU.Build.0 = Debug|Any CPU
		{53D7C58A-7A60-4804-AA68-4B844B80FD32}.Release|Any CPU.ActiveCfg = Release|Any CPU
		{53D7C58A-7A60-4804-AA68-4B844B80FD32}.Release|Any CPU.Build.0 = Release|Any CPU
	EndGlobalSection
	GlobalSection(SolutionProperties) = preSolution
		HideSolutionNode = FALSE
	EndGlobalSection
	GlobalSection(ExtensibilityGlobals) = postSolution
		SolutionGuid = {C9A81A62-D0B4-43A4-A820-AA96082F91D9}
	EndGlobalSection
EndGlobal
